// !$*UTF8*$!
{
	archiveVersion = 1;
	classes = {
	};
	objectVersion = 46;
	objects = {

/* Begin PBXBuildFile section */
		D627975A1BE9595700F732EB /* AppDelegate.swift in Sources */ = {isa = PBXBuildFile; fileRef = D62797591BE9595700F732EB /* AppDelegate.swift */; };
		D627975C1BE9595700F732EB /* ViewController.swift in Sources */ = {isa = PBXBuildFile; fileRef = D627975B1BE9595700F732EB /* ViewController.swift */; };
		D627975F1BE9595700F732EB /* Main.storyboard in Resources */ = {isa = PBXBuildFile; fileRef = D627975D1BE9595700F732EB /* Main.storyboard */; };
		D62797611BE9595700F732EB /* Assets.xcassets in Resources */ = {isa = PBXBuildFile; fileRef = D62797601BE9595700F732EB /* Assets.xcassets */; };
		D62797641BE9595700F732EB /* LaunchScreen.storyboard in Resources */ = {isa = PBXBuildFile; fileRef = D62797621BE9595700F732EB /* LaunchScreen.storyboard */; };
		D627976F1BE9595800F732EB /* MultiplesTests.swift in Sources */ = {isa = PBXBuildFile; fileRef = D627976E1BE9595800F732EB /* MultiplesTests.swift */; };
		D627977A1BE9595800F732EB /* MultiplesUITests.swift in Sources */ = {isa = PBXBuildFile; fileRef = D62797791BE9595800F732EB /* MultiplesUITests.swift */; };
/* End PBXBuildFile section */

/* Begin PBXContainerItemProxy section */
		D627976B1BE9595800F732EB /* PBXContainerItemProxy */ = {
			isa = PBXContainerItemProxy;
			containerPortal = D627974E1BE9595700F732EB /* Project object */;
			proxyType = 1;
			remoteGlobalIDString = D62797551BE9595700F732EB;
			remoteInfo = Multiples;
		};
		D62797761BE9595800F732EB /* PBXContainerItemProxy */ = {
			isa = PBXContainerItemProxy;
			containerPortal = D627974E1BE9595700F732EB /* Project object */;
			proxyType = 1;
			remoteGlobalIDString = D62797551BE9595700F732EB;
			remoteInfo = Multiples;
		};
/* End PBXContainerItemProxy section */

/* Begin PBXFileReference section */
		D62797561BE9595700F732EB /* Multiples.app */ = {isa = PBXFileReference; explicitFileType = wrapper.application; includeInIndex = 0; path = Multiples.app; sourceTree = BUILT_PRODUCTS_DIR; };
		D62797591BE9595700F732EB /* AppDelegate.swift */ = {isa = PBXFileReference; lastKnownFileType = sourcecode.swift; path = AppDelegate.swift; sourceTree = "<group>"; };
		D627975B1BE9595700F732EB /* ViewController.swift */ = {isa = PBXFileReference; lastKnownFileType = sourcecode.swift; path = ViewController.swift; sourceTree = "<group>"; };
		D627975E1BE9595700F732EB /* Base */ = {isa = PBXFileReference; lastKnownFileType = file.storyboard; name = Base; path = Base.lproj/Main.storyboard; sourceTree = "<group>"; };
		D62797601BE9595700F732EB /* Assets.xcassets */ = {isa = PBXFileReference; lastKnownFileType = folder.assetcatalog; path = Assets.xcassets; sourceTree = "<group>"; };
		D62797631BE9595700F732EB /* Base */ = {isa = PBXFileReference; lastKnownFileType = file.storyboard; name = Base; path = Base.lproj/LaunchScreen.storyboard; sourceTree = "<group>"; };
		D62797651BE9595700F732EB /* Info.plist */ = {isa = PBXFileReference; lastKnownFileType = text.plist.xml; path = Info.plist; sourceTree = "<group>"; };
		D627976A1BE9595800F732EB /* MultiplesTests.xctest */ = {isa = PBXFileReference; explicitFileType = wrapper.cfbundle; includeInIndex = 0; path = MultiplesTests.xctest; sourceTree = BUILT_PRODUCTS_DIR; };
		D627976E1BE9595800F732EB /* MultiplesTests.swift */ = {isa = PBXFileReference; lastKnownFileType = sourcecode.swift; path = MultiplesTests.swift; sourceTree = "<group>"; };
		D62797701BE9595800F732EB /* Info.plist */ = {isa = PBXFileReference; lastKnownFileType = text.plist.xml; path = Info.plist; sourceTree = "<group>"; };
		D62797751BE9595800F732EB /* MultiplesUITests.xctest */ = {isa = PBXFileReference; explicitFileType = wrapper.cfbundle; includeInIndex = 0; path = MultiplesUITests.xctest; sourceTree = BUILT_PRODUCTS_DIR; };
		D62797791BE9595800F732EB /* MultiplesUITests.swift */ = {isa = PBXFileReference; lastKnownFileType = sourcecode.swift; path = MultiplesUITests.swift; sourceTree = "<group>"; };
		D627977B1BE9595800F732EB /* Info.plist */ = {isa = PBXFileReference; lastKnownFileType = text.plist.xml; path = Info.plist; sourceTree = "<group>"; };
/* End PBXFileReference section */

/* Begin PBXFrameworksBuildPhase section */
		D62797531BE9595700F732EB /* Frameworks */ = {
			isa = PBXFrameworksBuildPhase;
			buildActionMask = 2147483647;
			files = (
			);
			runOnlyForDeploymentPostprocessing = 0;
		};
		D62797671BE9595800F732EB /* Frameworks */ = {
			isa = PBXFrameworksBuildPhase;
			buildActionMask = 2147483647;
			files = (
			);
			runOnlyForDeploymentPostprocessing = 0;
		};
		D62797721BE9595800F732EB /* Frameworks */ = {
			isa = PBXFrameworksBuildPhase;
			buildActionMask = 2147483647;
			files = (
			);
			runOnlyForDeploymentPostprocessing = 0;
		};
/* End PBXFrameworksBuildPhase section */

/* Begin PBXGroup section */
		D627974D1BE9595700F732EB = {
			isa = PBXGroup;
			children = (
				D62797581BE9595700F732EB /* Multiples */,
				D627976D1BE9595800F732EB /* MultiplesTests */,
				D62797781BE9595800F732EB /* MultiplesUITests */,
				D62797571BE9595700F732EB /* Products */,
			);
			sourceTree = "<group>";
		};
		D62797571BE9595700F732EB /* Products */ = {
			isa = PBXGroup;
			children = (
				D62797561BE9595700F732EB /* Multiples.app */,
				D627976A1BE9595800F732EB /* MultiplesTests.xctest */,
				D62797751BE9595800F732EB /* MultiplesUITests.xctest */,
			);
			name = Products;
			sourceTree = "<group>";
		};
		D62797581BE9595700F732EB /* Multiples */ = {
			isa = PBXGroup;
			children = (
				D62797591BE9595700F732EB /* AppDelegate.swift */,
				D627975B1BE9595700F732EB /* ViewController.swift */,
				D627975D1BE9595700F732EB /* Main.storyboard */,
				D62797601BE9595700F732EB /* Assets.xcassets */,
				D62797621BE9595700F732EB /* LaunchScreen.storyboard */,
				D62797651BE9595700F732EB /* Info.plist */,
			);
			path = Multiples;
			sourceTree = "<group>";
		};
		D627976D1BE9595800F732EB /* MultiplesTests */ = {
			isa = PBXGroup;
			children = (
				D627976E1BE9595800F732EB /* MultiplesTests.swift */,
				D62797701BE9595800F732EB /* Info.plist */,
			);
			path = MultiplesTests;
			sourceTree = "<group>";
		};
		D62797781BE9595800F732EB /* MultiplesUITests */ = {
			isa = PBXGroup;
			children = (
				D62797791BE9595800F732EB /* MultiplesUITests.swift */,
				D627977B1BE9595800F732EB /* Info.plist */,
			);
			path = MultiplesUITests;
			sourceTree = "<group>";
		};
/* End PBXGroup section */

/* Begin PBXNativeTarget section */
		D62797551BE9595700F732EB /* Multiples */ = {
			isa = PBXNativeTarget;
			buildConfigurationList = D627977E1BE9595800F732EB /* Build configuration list for PBXNativeTarget "Multiples" */;
			buildPhases = (
				D62797521BE9595700F732EB /* Sources */,
				D62797531BE9595700F732EB /* Frameworks */,
				D62797541BE9595700F732EB /* Resources */,
			);
			buildRules = (
			);
			dependencies = (
			);
			name = Multiples;
			productName = Multiples;
			productReference = D62797561BE9595700F732EB /* Multiples.app */;
			productType = "com.apple.product-type.application";
		};
		D62797691BE9595800F732EB /* MultiplesTests */ = {
			isa = PBXNativeTarget;
			buildConfigurationList = D62797811BE9595800F732EB /* Build configuration list for PBXNativeTarget "MultiplesTests" */;
			buildPhases = (
				D62797661BE9595800F732EB /* Sources */,
				D62797671BE9595800F732EB /* Frameworks */,
				D62797681BE9595800F732EB /* Resources */,
			);
			buildRules = (
			);
			dependencies = (
				D627976C1BE9595800F732EB /* PBXTargetDependency */,
			);
			name = MultiplesTests;
			productName = MultiplesTests;
			productReference = D627976A1BE9595800F732EB /* MultiplesTests.xctest */;
			productType = "com.apple.product-type.bundle.unit-test";
		};
		D62797741BE9595800F732EB /* MultiplesUITests */ = {
			isa = PBXNativeTarget;
			buildConfigurationList = D62797841BE9595800F732EB /* Build configuration list for PBXNativeTarget "MultiplesUITests" */;
			buildPhases = (
				D62797711BE9595800F732EB /* Sources */,
				D62797721BE9595800F732EB /* Frameworks */,
				D62797731BE9595800F732EB /* Resources */,
			);
			buildRules = (
			);
			dependencies = (
				D62797771BE9595800F732EB /* PBXTargetDependency */,
			);
			name = MultiplesUITests;
			productName = MultiplesUITests;
			productReference = D62797751BE9595800F732EB /* MultiplesUITests.xctest */;
			productType = "com.apple.product-type.bundle.ui-testing";
		};
/* End PBXNativeTarget section */

/* Begin PBXProject section */
		D627974E1BE9595700F732EB /* Project object */ = {
			isa = PBXProject;
			attributes = {
				LastSwiftUpdateCheck = 0710;
				LastUpgradeCheck = 0710;
				ORGANIZATIONNAME = personal;
				TargetAttributes = {
					D62797551BE9595700F732EB = {
						CreatedOnToolsVersion = 7.1;
					};
					D62797691BE9595800F732EB = {
						CreatedOnToolsVersion = 7.1;
						TestTargetID = D62797551BE9595700F732EB;
					};
					D62797741BE9595800F732EB = {
						CreatedOnToolsVersion = 7.1;
						TestTargetID = D62797551BE9595700F732EB;
					};
				};
			};
			buildConfigurationList = D62797511BE9595700F732EB /* Build configuration list for PBXProject "Multiples" */;
			compatibilityVersion = "Xcode 3.2";
			developmentRegion = English;
			hasScannedForEncodings = 0;
			knownRegions = (
				en,
				Base,
			);
			mainGroup = D627974D1BE9595700F732EB;
			productRefGroup = D62797571BE9595700F732EB /* Products */;
			projectDirPath = "";
			projectRoot = "";
			targets = (
				D62797551BE9595700F732EB /* Multiples */,
				D62797691BE9595800F732EB /* MultiplesTests */,
				D62797741BE9595800F732EB /* MultiplesUITests */,
			);
		};
/* End PBXProject section */

/* Begin PBXResourcesBuildPhase section */
		D62797541BE9595700F732EB /* Resources */ = {
			isa = PBXResourcesBuildPhase;
			buildActionMask = 2147483647;
			files = (
				D62797641BE9595700F732EB /* LaunchScreen.storyboard in Resources */,
				D62797611BE9595700F732EB /* Assets.xcassets in Resources */,
				D627975F1BE9595700F732EB /* Main.storyboard in Resources */,
			);
			runOnlyForDeploymentPostprocessing = 0;
		};
		D62797681BE9595800F732EB /* Resources */ = {
			isa = PBXResourcesBuildPhase;
			buildActionMask = 2147483647;
			files = (
			);
			runOnlyForDeploymentPostprocessing = 0;
		};
		D62797731BE9595800F732EB /* Resources */ = {
			isa = PBXResourcesBuildPhase;
			buildActionMask = 2147483647;
			files = (
			);
			runOnlyForDeploymentPostprocessing = 0;
		};
/* End PBXResourcesBuildPhase section */

/* Begin PBXSourcesBuildPhase section */
		D62797521BE9595700F732EB /* Sources */ = {
			isa = PBXSourcesBuildPhase;
			buildActionMask = 2147483647;
			files = (
				D627975C1BE9595700F732EB /* ViewController.swift in Sources */,
				D627975A1BE9595700F732EB /* AppDelegate.swift in Sources */,
			);
			runOnlyForDeploymentPostprocessing = 0;
		};
		D62797661BE9595800F732EB /* Sources */ = {
			isa = PBXSourcesBuildPhase;
			buildActionMask = 2147483647;
			files = (
				D627976F1BE9595800F732EB /* MultiplesTests.swift in Sources */,
			);
			runOnlyForDeploymentPostprocessing = 0;
		};
		D62797711BE9595800F732EB /* Sources */ = {
			isa = PBXSourcesBuildPhase;
			buildActionMask = 2147483647;
			files = (
				D627977A1BE9595800F732EB /* MultiplesUITests.swift in Sources */,
			);
			runOnlyForDeploymentPostprocessing = 0;
		};
/* End PBXSourcesBuildPhase section */

/* Begin PBXTargetDependency section */
		D627976C1BE9595800F732EB /* PBXTargetDependency */ = {
			isa = PBXTargetDependency;
			target = D62797551BE9595700F732EB /* Multiples */;
			targetProxy = D627976B1BE9595800F732EB /* PBXContainerItemProxy */;
		};
		D62797771BE9595800F732EB /* PBXTargetDependency */ = {
			isa = PBXTargetDependency;
			target = D62797551BE9595700F732EB /* Multiples */;
			targetProxy = D62797761BE9595800F732EB /* PBXContainerItemProxy */;
		};
/* End PBXTargetDependency section */

/* Begin PBXVariantGroup section */
		D627975D1BE9595700F732EB /* Main.storyboard */ = {
			isa = PBXVariantGroup;
			children = (
				D627975E1BE9595700F732EB /* Base */,
			);
			name = Main.storyboard;
			sourceTree = "<group>";
		};
		D62797621BE9595700F732EB /* LaunchScreen.storyboard */ = {
			isa = PBXVariantGroup;
			children = (
				D62797631BE9595700F732EB /* Base */,
			);
			name = LaunchScreen.storyboard;
			sourceTree = "<group>";
		};
/* End PBXVariantGroup section */

/* Begin XCBuildConfiguration section */
		D627977C1BE9595800F732EB /* Debug */ = {
			isa = XCBuildConfiguration;
			buildSettings = {
				ALWAYS_SEARCH_USER_PATHS = NO;
				CLANG_CXX_LANGUAGE_STANDARD = "gnu++0x";
				CLANG_CXX_LIBRARY = "libc++";
				CLANG_ENABLE_MODULES = YES;
				CLANG_ENABLE_OBJC_ARC = YES;
				CLANG_WARN_BOOL_CONVERSION = YES;
				CLANG_WARN_CONSTANT_CONVERSION = YES;
				CLANG_WARN_DIRECT_OBJC_ISA_USAGE = YES_ERROR;
				CLANG_WARN_EMPTY_BODY = YES;
				CLANG_WARN_ENUM_CONVERSION = YES;
				CLANG_WARN_INT_CONVERSION = YES;
				CLANG_WARN_OBJC_ROOT_CLASS = YES_ERROR;
				CLANG_WARN_UNREACHABLE_CODE = YES;
				CLANG_WARN__DUPLICATE_METHOD_MATCH = YES;
				"CODE_SIGN_IDENTITY[sdk=iphoneos*]" = "iPhone Developer";
				COPY_PHASE_STRIP = NO;
				DEBUG_INFORMATION_FORMAT = dwarf;
				ENABLE_STRICT_OBJC_MSGSEND = YES;
				ENABLE_TESTABILITY = YES;
				GCC_C_LANGUAGE_STANDARD = gnu99;
				GCC_DYNAMIC_NO_PIC = NO;
				GCC_NO_COMMON_BLOCKS = YES;
				GCC_OPTIMIZATION_LEVEL = 0;
				GCC_PREPROCESSOR_DEFINITIONS = (
					"DEBUG=1",
					"$(inherited)",
				);
				GCC_WARN_64_TO_32_BIT_CONVERSION = YES;
				GCC_WARN_ABOUT_RETURN_TYPE = YES_ERROR;
				GCC_WARN_UNDECLARED_SELECTOR = YES;
				GCC_WARN_UNINITIALIZED_AUTOS = YES_AGGRESSIVE;
				GCC_WARN_UNUSED_FUNCTION = YES;
				GCC_WARN_UNUSED_VARIABLE = YES;
				IPHONEOS_DEPLOYMENT_TARGET = 9.1;
				MTL_ENABLE_DEBUG_INFO = YES;
				ONLY_ACTIVE_ARCH = YES;
				SDKROOT = iphoneos;
				SWIFT_OPTIMIZATION_LEVEL = "-Onone";
			};
			name = Debug;
		};
		D627977D1BE9595800F732EB /* Release */ = {
			isa = XCBuildConfiguration;
			buildSettings = {
				ALWAYS_SEARCH_USER_PATHS = NO;
				CLANG_CXX_LANGUAGE_STANDARD = "gnu++0x";
				CLANG_CXX_LIBRARY = "libc++";
				CLANG_ENABLE_MODULES = YES;
				CLANG_ENABLE_OBJC_ARC = YES;
				CLANG_WARN_BOOL_CONVERSION = YES;
				CLANG_WARN_CONSTANT_CONVERSION = YES;
				CLANG_WARN_DIRECT_OBJC_ISA_USAGE = YES_ERROR;
				CLANG_WARN_EMPTY_BODY = YES;
				CLANG_WARN_ENUM_CONVERSION = YES;
				CLANG_WARN_INT_CONVERSION = YES;
				CLANG_WARN_OBJC_ROOT_CLASS = YES_ERROR;
				CLANG_WARN_UNREACHABLE_CODE = YES;
				CLANG_WARN__DUPLICATE_METHOD_MATCH = YES;
				"CODE_SIGN_IDENTITY[sdk=iphoneos*]" = "iPhone Developer";
				COPY_PHASE_STRIP = NO;
				DEBUG_INFORMATION_FORMAT = "dwarf-with-dsym";
				ENABLE_NS_ASSERTIONS = NO;
				ENABLE_STRICT_OBJC_MSGSEND = YES;
				GCC_C_LANGUAGE_STANDARD = gnu99;
				GCC_NO_COMMON_BLOCKS = YES;
				GCC_WARN_64_TO_32_BIT_CONVERSION = YES;
				GCC_WARN_ABOUT_RETURN_TYPE = YES_ERROR;
				GCC_WARN_UNDECLARED_SELECTOR = YES;
				GCC_WARN_UNINITIALIZED_AUTOS = YES_AGGRESSIVE;
				GCC_WARN_UNUSED_FUNCTION = YES;
				GCC_WARN_UNUSED_VARIABLE = YES;
				IPHONEOS_DEPLOYMENT_TARGET = 9.1;
				MTL_ENABLE_DEBUG_INFO = NO;
				SDKROOT = iphoneos;
				VALIDATE_PRODUCT = YES;
			};
			name = Release;
		};
		D627977F1BE9595800F732EB /* Debug */ = {
			isa = XCBuildConfiguration;
			buildSettings = {
				ASSETCATALOG_COMPILER_APPICON_NAME = AppIcon;
				INFOPLIST_FILE = Multiples/Info.plist;
				LD_RUNPATH_SEARCH_PATHS = "$(inherited) @executable_path/Frameworks";
				PRODUCT_BUNDLE_IDENTIFIER = com.personal.Multiples;
				PRODUCT_NAME = "$(TARGET_NAME)";
			};
			name = Debug;
		};
		D62797801BE9595800F732EB /* Release */ = {
			isa = XCBuildConfiguration;
			buildSettings = {
				ASSETCATALOG_COMPILER_APPICON_NAME = AppIcon;
				INFOPLIST_FILE = Multiples/Info.plist;
				LD_RUNPATH_SEARCH_PATHS = "$(inherited) @executable_path/Frameworks";
				PRODUCT_BUNDLE_IDENTIFIER = com.personal.Multiples;
				PRODUCT_NAME = "$(TARGET_NAME)";
			};
			name = Release;
		};
		D62797821BE9595800F732EB /* Debug */ = {
			isa = XCBuildConfiguration;
			buildSettings = {
				BUNDLE_LOADER = "$(TEST_HOST)";
				INFOPLIST_FILE = MultiplesTests/Info.plist;
				LD_RUNPATH_SEARCH_PATHS = "$(inherited) @executable_path/Frameworks @loader_path/Frameworks";
				PRODUCT_BUNDLE_IDENTIFIER = com.personal.MultiplesTests;
				PRODUCT_NAME = "$(TARGET_NAME)";
				TEST_HOST = "$(BUILT_PRODUCTS_DIR)/Multiples.app/Multiples";
			};
			name = Debug;
		};
		D62797831BE9595800F732EB /* Release */ = {
			isa = XCBuildConfiguration;
			buildSettings = {
				BUNDLE_LOADER = "$(TEST_HOST)";
				INFOPLIST_FILE = MultiplesTests/Info.plist;
				LD_RUNPATH_SEARCH_PATHS = "$(inherited) @executable_path/Frameworks @loader_path/Frameworks";
				PRODUCT_BUNDLE_IDENTIFIER = com.personal.MultiplesTests;
				PRODUCT_NAME = "$(TARGET_NAME)";
				TEST_HOST = "$(BUILT_PRODUCTS_DIR)/Multiples.app/Multiples";
			};
			name = Release;
		};
		D62797851BE9595800F732EB /* Debug */ = {
			isa = XCBuildConfiguration;
			buildSettings = {
				INFOPLIST_FILE = MultiplesUITests/Info.plist;
				LD_RUNPATH_SEARCH_PATHS = "$(inherited) @executable_path/Frameworks @loader_path/Frameworks";
				PRODUCT_BUNDLE_IDENTIFIER = com.personal.MultiplesUITests;
				PRODUCT_NAME = "$(TARGET_NAME)";
				TEST_TARGET_NAME = Multiples;
				USES_XCTRUNNER = YES;
			};
			name = Debug;
		};
		D62797861BE9595800F732EB /* Release */ = {
			isa = XCBuildConfiguration;
			buildSettings = {
				INFOPLIST_FILE = MultiplesUITests/Info.plist;
				LD_RUNPATH_SEARCH_PATHS = "$(inherited) @executable_path/Frameworks @loader_path/Frameworks";
				PRODUCT_BUNDLE_IDENTIFIER = com.personal.MultiplesUITests;
				PRODUCT_NAME = "$(TARGET_NAME)";
				TEST_TARGET_NAME = Multiples;
				USES_XCTRUNNER = YES;
			};
			name = Release;
		};
/* End XCBuildConfiguration section */

/* Begin XCConfigurationList section */
		D62797511BE9595700F732EB /* Build configuration list for PBXProject "Multiples" */ = {
			isa = XCConfigurationList;
			buildConfigurations = (
				D627977C1BE9595800F732EB /* Debug */,
				D627977D1BE9595800F732EB /* Release */,
			);
			defaultConfigurationIsVisible = 0;
			defaultConfigurationName = Release;
		};
		D627977E1BE9595800F732EB /* Build configuration list for PBXNativeTarget "Multiples" */ = {
			isa = XCConfigurationList;
			buildConfigurations = (
				D627977F1BE9595800F732EB /* Debug */,
				D62797801BE9595800F732EB /* Release */,
			);
			defaultConfigurationIsVisible = 0;
		};
		D62797811BE9595800F732EB /* Build configuration list for PBXNativeTarget "MultiplesTests" */ = {
			isa = XCConfigurationList;
			buildConfigurations = (
				D62797821BE9595800F732EB /* Debug */,
				D62797831BE9595800F732EB /* Release */,
			);
			defaultConfigurationIsVisible = 0;
		};
		D62797841BE9595800F732EB /* Build configuration list for PBXNativeTarget "MultiplesUITests" */ = {
			isa = XCConfigurationList;
			buildConfigurations = (
				D62797851BE9595800F732EB /* Debug */,
				D62797861BE9595800F732EB /* Release */,
			);
			defaultConfigurationIsVisible = 0;
		};
/* End XCConfigurationList section */
	};
	rootObject = D627974E1BE9595700F732EB /* Project object */;
}
